
Microsoft Visual Studio Solution File, Format Version 12.00
# Visual Studio 2013
VisualStudioVersion = 12.0.30723.0
MinimumVisualStudioVersion = 10.0.40219.1
Project("{FAE04EC0-301F-11D3-BF4B-00C04F79EFBC}") = "Tests", "Tests\Tests.csproj", "{D9E1D190-A155-449C-ABBD-B64459DB3A4D}"
EndProject
Project("{FAE04EC0-301F-11D3-BF4B-00C04F79EFBC}") = "Runner", "Runner\Runner.csproj", "{223DF2AC-62A8-4AD9-9E47-9A9762F39BFF}"
EndProject
Project("{FAE04EC0-301F-11D3-BF4B-00C04F79EFBC}") = "MapReduceExampleLib", "MapReduceExampleLib\MapReduceExampleLib.csproj", "{54FE3B66-0308-43D5-A872-AD88C061BD2B}"
EndProject
Global
	GlobalSection(SolutionConfigurationPlatforms) = preSolution
		Debug|Any CPU = Debug|Any CPU
		Release|Any CPU = Release|Any CPU
	EndGlobalSection
	GlobalSection(ProjectConfigurationPlatforms) = postSolution
		{D9E1D190-A155-449C-ABBD-B64459DB3A4D}.Debug|Any CPU.ActiveCfg = Debug|Any CPU
		{D9E1D190-A155-449C-ABBD-B64459DB3A4D}.Debug|Any CPU.Build.0 = Debug|Any CPU
		{D9E1D190-A155-449C-ABBD-B64459DB3A4D}.Release|Any CPU.ActiveCfg = Release|Any CPU
		{D9E1D190-A155-449C-ABBD-B64459DB3A4D}.Release|Any CPU.Build.0 = Release|Any CPU
		{223DF2AC-62A8-4AD9-9E47-9A9762F39BFF}.Debug|Any CPU.ActiveCfg = Debug|Any CPU
		{223DF2AC-62A8-4AD9-9E47-9A9762F39BFF}.Debug|Any CPU.Build.0 = Debug|Any CPU
		{223DF2AC-62A8-4AD9-9E47-9A9762F39BFF}.Release|Any CPU.ActiveCfg = Release|Any CPU
		{223DF2AC-62A8-4AD9-9E47-9A9762F39BFF}.Release|Any CPU.Build.0 = Release|Any CPU
		{54FE3B66-0308-43D5-A872-AD88C061BD2B}.Debug|Any CPU.ActiveCfg = Debug|Any CPU
		{54FE3B66-0308-43D5-A872-AD88C061BD2B}.Debug|Any CPU.Build.0 = Debug|Any CPU
		{54FE3B66-0308-43D5-A872-AD88C061BD2B}.Release|Any CPU.ActiveCfg = Release|Any CPU
		{54FE3B66-0308-43D5-A872-AD88C061BD2B}.Release|Any CPU.Build.0 = Release|Any CPU
	EndGlobalSection
	GlobalSection(SolutionProperties) = preSolution
		HideSolutionNode = FALSE
	EndGlobalSection
EndGlobal
